<?xml version="1.0" encoding="UTF-8"?>
<CodeBlocks_project_file>
	<FileVersion major="1" minor="6"/>
	<Project>
		<Option title="Travel_Agency"/>
		<Option makefile_is_custom="1"/>
		<Option compiler="msvc8"/>
		<Option virtualFolders="CMake Files\;"/>
		<Build>
			<Target title="all">
				<Option working_dir="C:/Users/Ahmadreza/Desktop/Travel_Agency"/>
				<Option type="4"/>
				<MakeCommands>
					<Build command="nmake /NOLOGO /f C:\Users\Ahmadreza\Desktop\Travel_Agency\Makefile VERBOSE=1 all"/>
					<CompileFile command="nmake /NOLOGO /f C:\Users\Ahmadreza\Desktop\Travel_Agency\Makefile VERBOSE=1 &quot;$file&quot;"/>
					<Clean command="nmake /NOLOGO /f C:\Users\Ahmadreza\Desktop\Travel_Agency\Makefile VERBOSE=1 clean"/>
					<DistClean command="nmake /NOLOGO /f C:\Users\Ahmadreza\Desktop\Travel_Agency\Makefile VERBOSE=1 clean"/>
				</MakeCommands>
			</Target>
			<Target title="rebuild_cache">
				<Option working_dir="C:/Users/Ahmadreza/Desktop/Travel_Agency"/>
				<Option type="4"/>
				<MakeCommands>
					<Build command="nmake /NOLOGO /f C:\Users\Ahmadreza\Desktop\Travel_Agency\Makefile VERBOSE=1 rebuild_cache"/>
					<CompileFile command="nmake /NOLOGO /f C:\Users\Ahmadreza\Desktop\Travel_Agency\Makefile VERBOSE=1 &quot;$file&quot;"/>
					<Clean command="nmake /NOLOGO /f C:\Users\Ahmadreza\Desktop\Travel_Agency\Makefile VERBOSE=1 clean"/>
					<DistClean command="nmake /NOLOGO /f C:\Users\Ahmadreza\Desktop\Travel_Agency\Makefile VERBOSE=1 clean"/>
				</MakeCommands>
			</Target>
			<Target title="Travel_Agency">
				<Option output="C:/Users/Ahmadreza/Desktop/Travel_Agency/Travel_Agency.exe" prefix_auto="0" extension_auto="0"/>
				<Option working_dir="C:/Users/Ahmadreza/Desktop/Travel_Agency"/>
				<Option object_output="./"/>
				<Option type="1"/>
				<Option compiler="msvc8"/>
				<Compiler>
					<Add directory="D:\Visual Studio\VC\Tools\MSVC\14.12.25827\ATLMFC\include"/>
					<Add directory="D:\Visual Studio\VC\Tools\MSVC\14.12.25827\include"/>
					<Add directory="C:\Program Files (x86)\Windows Kits\NETFXSDK\4.6.1\include\um"/>
					<Add directory="C:\Program Files (x86)\Windows Kits\10\include\10.0.16299.0\ucrt"/>
					<Add directory="C:\Program Files (x86)\Windows Kits\10\include\10.0.16299.0\shared"/>
					<Add directory="C:\Program Files (x86)\Windows Kits\10\include\10.0.16299.0\um"/>
					<Add directory="C:\Program Files (x86)\Windows Kits\10\include\10.0.16299.0\winrt"/>
				</Compiler>
				<MakeCommands>
					<Build command="nmake /NOLOGO /f C:\Users\Ahmadreza\Desktop\Travel_Agency\Makefile VERBOSE=1 Travel_Agency"/>
					<CompileFile command="nmake /NOLOGO /f C:\Users\Ahmadreza\Desktop\Travel_Agency\Makefile VERBOSE=1 &quot;$file&quot;"/>
					<Clean command="nmake /NOLOGO /f C:\Users\Ahmadreza\Desktop\Travel_Agency\Makefile VERBOSE=1 clean"/>
					<DistClean command="nmake /NOLOGO /f C:\Users\Ahmadreza\Desktop\Travel_Agency\Makefile VERBOSE=1 clean"/>
				</MakeCommands>
			</Target>
			<Target title="Travel_Agency/fast">
				<Option output="C:/Users/Ahmadreza/Desktop/Travel_Agency/Travel_Agency.exe" prefix_auto="0" extension_auto="0"/>
				<Option working_dir="C:/Users/Ahmadreza/Desktop/Travel_Agency"/>
				<Option object_output="./"/>
				<Option type="1"/>
				<Option compiler="msvc8"/>
				<Compiler>
					<Add directory="D:\Visual Studio\VC\Tools\MSVC\14.12.25827\ATLMFC\include"/>
					<Add directory="D:\Visual Studio\VC\Tools\MSVC\14.12.25827\include"/>
					<Add directory="C:\Program Files (x86)\Windows Kits\NETFXSDK\4.6.1\include\um"/>
					<Add directory="C:\Program Files (x86)\Windows Kits\10\include\10.0.16299.0\ucrt"/>
					<Add directory="C:\Program Files (x86)\Windows Kits\10\include\10.0.16299.0\shared"/>
					<Add directory="C:\Program Files (x86)\Windows Kits\10\include\10.0.16299.0\um"/>
					<Add directory="C:\Program Files (x86)\Windows Kits\10\include\10.0.16299.0\winrt"/>
				</Compiler>
				<MakeCommands>
					<Build command="nmake /NOLOGO /f C:\Users\Ahmadreza\Desktop\Travel_Agency\Makefile VERBOSE=1 Travel_Agency/fast"/>
					<CompileFile command="nmake /NOLOGO /f C:\Users\Ahmadreza\Desktop\Travel_Agency\Makefile VERBOSE=1 &quot;$file&quot;"/>
					<Clean command="nmake /NOLOGO /f C:\Users\Ahmadreza\Desktop\Travel_Agency\Makefile VERBOSE=1 clean"/>
					<DistClean command="nmake /NOLOGO /f C:\Users\Ahmadreza\Desktop\Travel_Agency\Makefile VERBOSE=1 clean"/>
				</MakeCommands>
			</Target>
			<Target title="edit_cache">
				<Option working_dir="C:/Users/Ahmadreza/Desktop/Travel_Agency"/>
				<Option type="4"/>
				<MakeCommands>
					<Build command="nmake /NOLOGO /f C:\Users\Ahmadreza\Desktop\Travel_Agency\Makefile VERBOSE=1 edit_cache"/>
					<CompileFile command="nmake /NOLOGO /f C:\Users\Ahmadreza\Desktop\Travel_Agency\Makefile VERBOSE=1 &quot;$file&quot;"/>
					<Clean command="nmake /NOLOGO /f C:\Users\Ahmadreza\Desktop\Travel_Agency\Makefile VERBOSE=1 clean"/>
					<DistClean command="nmake /NOLOGO /f C:\Users\Ahmadreza\Desktop\Travel_Agency\Makefile VERBOSE=1 clean"/>
				</MakeCommands>
			</Target>
		</Build>
		<Unit filename="C:/Users/Ahmadreza/Desktop/Travel_Agency/Admin/AdminPanels/drivers.cpp">
			<Option target="Travel_Agency"/>
		</Unit>
		<Unit filename="C:/Users/Ahmadreza/Desktop/Travel_Agency/Admin/AdminPanels/drivers.h">
			<Option target="Travel_Agency"/>
		</Unit>
		<Unit filename="C:/Users/Ahmadreza/Desktop/Travel_Agency/Admin/AdminPanels/offers.cpp">
			<Option target="Travel_Agency"/>
		</Unit>
		<Unit filename="C:/Users/Ahmadreza/Desktop/Travel_Agency/Admin/AdminPanels/offers.h">
			<Option target="Travel_Agency"/>
		</Unit>
		<Unit filename="C:/Users/Ahmadreza/Desktop/Travel_Agency/Admin/AdminPanels/setting.cpp">
			<Option target="Travel_Agency"/>
		</Unit>
		<Unit filename="C:/Users/Ahmadreza/Desktop/Travel_Agency/Admin/AdminPanels/setting.h">
			<Option target="Travel_Agency"/>
		</Unit>
		<Unit filename="C:/Users/Ahmadreza/Desktop/Travel_Agency/Admin/AdminPanels/tickets.cpp">
			<Option target="Travel_Agency"/>
		</Unit>
		<Unit filename="C:/Users/Ahmadreza/Desktop/Travel_Agency/Admin/AdminPanels/tickets.h">
			<Option target="Travel_Agency"/>
		</Unit>
		<Unit filename="C:/Users/Ahmadreza/Desktop/Travel_Agency/Admin/AdminPanels/transaction.cpp">
			<Option target="Travel_Agency"/>
		</Unit>
		<Unit filename="C:/Users/Ahmadreza/Desktop/Travel_Agency/Admin/AdminPanels/transaction.h">
			<Option target="Travel_Agency"/>
		</Unit>
		<Unit filename="C:/Users/Ahmadreza/Desktop/Travel_Agency/Admin/AdminPanels/trips.cpp">
			<Option target="Travel_Agency"/>
		</Unit>
		<Unit filename="C:/Users/Ahmadreza/Desktop/Travel_Agency/Admin/AdminPanels/trips.h">
			<Option target="Travel_Agency"/>
		</Unit>
		<Unit filename="C:/Users/Ahmadreza/Desktop/Travel_Agency/Admin/AdminPanels/users.cpp">
			<Option target="Travel_Agency"/>
		</Unit>
		<Unit filename="C:/Users/Ahmadreza/Desktop/Travel_Agency/Admin/AdminPanels/users.h">
			<Option target="Travel_Agency"/>
		</Unit>
		<Unit filename="C:/Users/Ahmadreza/Desktop/Travel_Agency/Admin/admin.cpp">
			<Option target="Travel_Agency"/>
		</Unit>
		<Unit filename="C:/Users/Ahmadreza/Desktop/Travel_Agency/Admin/admin.h">
			<Option target="Travel_Agency"/>
		</Unit>
		<Unit filename="C:/Users/Ahmadreza/Desktop/Travel_Agency/Admin/adminlogged.cpp">
			<Option target="Travel_Agency"/>
		</Unit>
		<Unit filename="C:/Users/Ahmadreza/Desktop/Travel_Agency/Admin/adminlogged.h">
			<Option target="Travel_Agency"/>
		</Unit>
		<Unit filename="C:/Users/Ahmadreza/Desktop/Travel_Agency/BankAccounts/account_func.cpp">
			<Option target="Travel_Agency"/>
		</Unit>
		<Unit filename="C:/Users/Ahmadreza/Desktop/Travel_Agency/BankAccounts/account_func.h">
			<Option target="Travel_Agency"/>
		</Unit>
		<Unit filename="C:/Users/Ahmadreza/Desktop/Travel_Agency/Drivers/drivers.cpp">
			<Option target="Travel_Agency"/>
		</Unit>
		<Unit filename="C:/Users/Ahmadreza/Desktop/Travel_Agency/Drivers/drivers.h">
			<Option target="Travel_Agency"/>
		</Unit>
		<Unit filename="C:/Users/Ahmadreza/Desktop/Travel_Agency/Users/users.cpp">
			<Option target="Travel_Agency"/>
		</Unit>
		<Unit filename="C:/Users/Ahmadreza/Desktop/Travel_Agency/Users/users.h">
			<Option target="Travel_Agency"/>
		</Unit>
		<Unit filename="C:/Users/Ahmadreza/Desktop/Travel_Agency/main.cpp">
			<Option target="Travel_Agency"/>
		</Unit>
		<Unit filename="C:/Users/Ahmadreza/Desktop/Travel_Agency/main.h">
			<Option target="Travel_Agency"/>
		</Unit>
		<Unit filename="C:/Users/Ahmadreza/Desktop/Travel_Agency/someThingNecessary.cpp">
			<Option target="Travel_Agency"/>
		</Unit>
		<Unit filename="C:/Users/Ahmadreza/Desktop/Travel_Agency/someThingNecessary.h">
			<Option target="Travel_Agency"/>
		</Unit>
		<Unit filename="C:/Users/Ahmadreza/Desktop/Travel_Agency/CMakeLists.txt">
			<Option virtualFolder="CMake Files\"/>
		</Unit>
	</Project>
</CodeBlocks_project_file>
